
Microsoft Visual Studio Solution File, Format Version 12.00
# Visual Studio Version 17
VisualStudioVersion = 17.14.36811.4
MinimumVisualStudioVersion = 10.0.40219.1
Project("{FAE04EC0-301F-11D3-BF4B-00C04F79EFBC}") = "AirportLockerRental.UI", "AirportLockerRental.UI\AirportLockerRental.UI.csproj", "{BE09904A-1231-4FB6-A8E1-FFB282CC5BC7}"
EndProject
Project("{FAE04EC0-301F-11D3-BF4B-00C04F79EFBC}") = "AirportLockerRental.Tests", "AirportLockerRental.Tests\AirportLockerRental.Tests.csproj", "{16CE9BA1-F688-4457-8A8E-8188E06C3766}"
EndProject
Global
	GlobalSection(SolutionConfigurationPlatforms) = preSolution
		Debug|Any CPU = Debug|Any CPU
		Release|Any CPU = Release|Any CPU
	EndGlobalSection
	GlobalSection(ProjectConfigurationPlatforms) = postSolution
		{BE09904A-1231-4FB6-A8E1-FFB282CC5BC7}.Debug|Any CPU.ActiveCfg = Debug|Any CPU
		{BE09904A-1231-4FB6-A8E1-FFB282CC5BC7}.Debug|Any CPU.Build.0 = Debug|Any CPU
		{BE09904A-1231-4FB6-A8E1-FFB282CC5BC7}.Release|Any CPU.ActiveCfg = Release|Any CPU
		{BE09904A-1231-4FB6-A8E1-FFB282CC5BC7}.Release|Any CPU.Build.0 = Release|Any CPU
		{16CE9BA1-F688-4457-8A8E-8188E06C3766}.Debug|Any CPU.ActiveCfg = Debug|Any CPU
		{16CE9BA1-F688-4457-8A8E-8188E06C3766}.Debug|Any CPU.Build.0 = Debug|Any CPU
		{16CE9BA1-F688-4457-8A8E-8188E06C3766}.Release|Any CPU.ActiveCfg = Release|Any CPU
		{16CE9BA1-F688-4457-8A8E-8188E06C3766}.Release|Any CPU.Build.0 = Release|Any CPU
	EndGlobalSection
	GlobalSection(SolutionProperties) = preSolution
		HideSolutionNode = FALSE
	EndGlobalSection
	GlobalSection(ExtensibilityGlobals) = postSolution
		SolutionGuid = {D17A1BE7-66C4-4860-88CE-F567B2741F69}
	EndGlobalSection
EndGlobal
